
Microsoft Visual Studio Solution File, Format Version 12.00
# Visual Studio Version 16
VisualStudioVersion = 16.0.29009.5
MinimumVisualStudioVersion = 10.0.40219.1
Project("{FAE04EC0-301F-11D3-BF4B-00C04F79EFBC}") = "KNK.Sample.StorageBlob.Console", "KNK.Sample.StorageBlob.Console\KNK.Sample.StorageBlob.Console.csproj", "{06DA667F-5B0B-4AB6-9F82-87D2F1B492CA}"
EndProject
Project("{FAE04EC0-301F-11D3-BF4B-00C04F79EFBC}") = "KNK.Sample.StorageBlob.WebAPI", "KNK.Sample.StorageBlob.WebAPI\KNK.Sample.StorageBlob.WebAPI.csproj", "{EAAE9323-2494-4BF1-8AE5-DAC4387F48E5}"
EndProject
Global
	GlobalSection(SolutionConfigurationPlatforms) = preSolution
		Debug|Any CPU = Debug|Any CPU
		Release|Any CPU = Release|Any CPU
	EndGlobalSection
	GlobalSection(ProjectConfigurationPlatforms) = postSolution
		{06DA667F-5B0B-4AB6-9F82-87D2F1B492CA}.Debug|Any CPU.ActiveCfg = Debug|Any CPU
		{06DA667F-5B0B-4AB6-9F82-87D2F1B492CA}.Debug|Any CPU.Build.0 = Debug|Any CPU
		{06DA667F-5B0B-4AB6-9F82-87D2F1B492CA}.Release|Any CPU.ActiveCfg = Release|Any CPU
		{06DA667F-5B0B-4AB6-9F82-87D2F1B492CA}.Release|Any CPU.Build.0 = Release|Any CPU
		{EAAE9323-2494-4BF1-8AE5-DAC4387F48E5}.Debug|Any CPU.ActiveCfg = Debug|Any CPU
		{EAAE9323-2494-4BF1-8AE5-DAC4387F48E5}.Debug|Any CPU.Build.0 = Debug|Any CPU
		{EAAE9323-2494-4BF1-8AE5-DAC4387F48E5}.Release|Any CPU.ActiveCfg = Release|Any CPU
		{EAAE9323-2494-4BF1-8AE5-DAC4387F48E5}.Release|Any CPU.Build.0 = Release|Any CPU
	EndGlobalSection
	GlobalSection(SolutionProperties) = preSolution
		HideSolutionNode = FALSE
	EndGlobalSection
	GlobalSection(ExtensibilityGlobals) = postSolution
		SolutionGuid = {CF01F445-956C-45CE-A6BE-4B4EF9987777}
	EndGlobalSection
EndGlobal
